{
	"name": "community",
	"version": "1.0.0",
	"lockfileVersion": 2,
	"requires": true,
	"packages": {
		"": {
			"name": "community",
			"version": "1.0.0",
			"license": "MIT",
			"devDependencies": {
				"husky": "8.0.3",
				"prettier": "2.8.6"
			}
		},
		"node_modules/husky": {
			"version": "8.0.3",
			"resolved": "https://registry.npmjs.org/husky/-/husky-8.0.3.tgz",
			"integrity": "sha512-+dQSyqPh4x1hlO1swXBiNb2HzTDN1I2IGLQx1GrBuiqFJfoMrnZWwVmatvSiO+Iz8fBUnf+lekwNo4c2LlXItg==",
			"dev": true,
			"bin": {
				"husky": "lib/bin.js"
			},
			"engines": {
				"node": ">=14"
			},
			"funding": {
				"url": "https://github.com/sponsors/typicode"
			}
		},
		"node_modules/prettier": {
			"version": "2.8.6",
			"resolved": "https://registry.npmjs.org/prettier/-/prettier-2.8.6.tgz",
			"integrity": "sha512-mtuzdiBbHwPEgl7NxWlqOkithPyp4VN93V7VeHVWBF+ad3I5avc0RVDT4oImXQy9H/AqxA2NSQH8pSxHW6FYbQ==",
			"dev": true,
			"bin": {
				"prettier": "bin-prettier.js"
			},
			"engines": {
				"node": ">=10.13.0"
			},
			"funding": {
				"url": "https://github.com/prettier/prettier?sponsor=1"
			}
		}
	},
	"dependencies": {
		"husky": {
			"version": "8.0.3",
			"resolved": "https://registry.npmjs.org/husky/-/husky-8.0.3.tgz",
			"integrity": "sha512-+dQSyqPh4x1hlO1swXBiNb2HzTDN1I2IGLQx1GrBuiqFJfoMrnZWwVmatvSiO+Iz8fBUnf+lekwNo4c2LlXItg==",
			"dev": true
		},
		"prettier": {
			"version": "2.8.6",
			"resolved": "https://registry.npmjs.org/prettier/-/prettier-2.8.6.tgz",
			"integrity": "sha512-mtuzdiBbHwPEgl7NxWlqOkithPyp4VN93V7VeHVWBF+ad3I5avc0RVDT4oImXQy9H/AqxA2NSQH8pSxHW6FYbQ==",
			"dev": true
		}
	}
}
