{
	"name": "community",
	"version": "1.0.0",
	"lockfileVersion": 2,
	"requires": true,
	"packages": {
		"": {
			"name": "community",
			"version": "1.0.0",
			"license": "MIT",
			"devDependencies": {
				"husky": "9.0.10",
				"prettier": "2.8.8"
			}
		},
		"node_modules/husky": {
			"version": "9.0.10",
			"resolved": "https://registry.npmjs.org/husky/-/husky-9.0.10.tgz",
			"integrity": "sha512-TQGNknoiy6bURzIO77pPRu+XHi6zI7T93rX+QnJsoYFf3xdjKOur+IlfqzJGMHIK/wXrLg+GsvMs8Op7vI2jVA==",
			"dev": true,
			"bin": {
				"husky": "bin.mjs"
			},
			"engines": {
				"node": ">=18"
			},
			"funding": {
				"url": "https://github.com/sponsors/typicode"
			}
		},
		"node_modules/prettier": {
			"version": "2.8.8",
			"resolved": "https://registry.npmjs.org/prettier/-/prettier-2.8.8.tgz",
			"integrity": "sha512-tdN8qQGvNjw4CHbY+XXk0JgCXn9QiF21a55rBe5LJAU+kDyC4WQn4+awm2Xfk2lQMk5fKup9XgzTZtGkjBdP9Q==",
			"dev": true,
			"bin": {
				"prettier": "bin-prettier.js"
			},
			"engines": {
				"node": ">=10.13.0"
			},
			"funding": {
				"url": "https://github.com/prettier/prettier?sponsor=1"
			}
		}
	},
	"dependencies": {
		"husky": {
			"version": "9.0.10",
			"resolved": "https://registry.npmjs.org/husky/-/husky-9.0.10.tgz",
			"integrity": "sha512-TQGNknoiy6bURzIO77pPRu+XHi6zI7T93rX+QnJsoYFf3xdjKOur+IlfqzJGMHIK/wXrLg+GsvMs8Op7vI2jVA==",
			"dev": true
		},
		"prettier": {
			"version": "2.8.8",
			"resolved": "https://registry.npmjs.org/prettier/-/prettier-2.8.8.tgz",
			"integrity": "sha512-tdN8qQGvNjw4CHbY+XXk0JgCXn9QiF21a55rBe5LJAU+kDyC4WQn4+awm2Xfk2lQMk5fKup9XgzTZtGkjBdP9Q==",
			"dev": true
		}
	}
}
